
Microsoft Visual Studio Solution File, Format Version 12.00
# Visual Studio 2012
Project("{FAE04EC0-301F-11D3-BF4B-00C04F79EFBC}") = "Xamarin.Forms.GraphQL", "Xamarin.Forms.GraphQL\Xamarin.Forms.GraphQL.csproj", "{5CCDBE3F-540D-4A44-9DF6-CBB0BF0CDFC4}"
EndProject
Global
	GlobalSection(SolutionConfigurationPlatforms) = preSolution
		Debug|Any CPU = Debug|Any CPU
		Release|Any CPU = Release|Any CPU
	EndGlobalSection
	GlobalSection(ProjectConfigurationPlatforms) = postSolution
		{5CCDBE3F-540D-4A44-9DF6-CBB0BF0CDFC4}.Debug|Any CPU.ActiveCfg = Debug|Any CPU
		{5CCDBE3F-540D-4A44-9DF6-CBB0BF0CDFC4}.Debug|Any CPU.Build.0 = Debug|Any CPU
		{5CCDBE3F-540D-4A44-9DF6-CBB0BF0CDFC4}.Release|Any CPU.ActiveCfg = Release|Any CPU
		{5CCDBE3F-540D-4A44-9DF6-CBB0BF0CDFC4}.Release|Any CPU.Build.0 = Release|Any CPU
	EndGlobalSection
EndGlobal
